
Microsoft Visual Studio Solution File, Format Version 12.00
# Visual Studio 2013
VisualStudioVersion = 12.0.21005.1
MinimumVisualStudioVersion = 10.0.40219.1
Project("{2150E333-8FDC-42A3-9474-1A3956D46DE8}") = "Libs", "Libs", "{7E264F12-9EC3-4CDC-A187-6879C2B2BFCF}"
EndProject
Project("{FAE04EC0-301F-11D3-BF4B-00C04F79EFBC}") = "Core", "..\ExtLibs\Core\Core.csproj", "{59129078-7B12-4198-B93E-0AA08D0BB7ED}"
EndProject
Project("{FAE04EC0-301F-11D3-BF4B-00C04F79EFBC}") = "MetaDataExtractor", "..\ExtLibs\MetaDataExtractorCSharp240d\MetaDataExtractor.csproj", "{B46F6C6C-9184-41AF-8F8B-E0084752CA7C}"
EndProject
Project("{FAE04EC0-301F-11D3-BF4B-00C04F79EFBC}") = "MissionPlanner.Controls", "..\ExtLibs\Controls\MissionPlanner.Controls.csproj", "{C8B88795-6D01-494D-83AD-6944BD4C5023}"
EndProject
Project("{FAE04EC0-301F-11D3-BF4B-00C04F79EFBC}") = "MissionPlanner.Comms", "..\ExtLibs\Comms\MissionPlanner.Comms.csproj", "{825E7A10-390C-4A2B-B3A8-491D14966912}"
EndProject
Project("{FAE04EC0-301F-11D3-BF4B-00C04F79EFBC}") = "MissionPlanner.Utilities", "..\ExtLibs\Utilities\MissionPlanner.Utilities.csproj", "{1378A66C-38E4-46F5-A05F-DC04EF7D4D16}"
EndProject
Project("{FAE04EC0-301F-11D3-BF4B-00C04F79EFBC}") = "GeoUtility", "..\ExtLibs\GeoUtility\GeoUtility.csproj", "{7F7994CE-823F-4A04-BBEA-D0A3808FF56D}"
EndProject
Project("{FAE04EC0-301F-11D3-BF4B-00C04F79EFBC}") = "MAVLink", "..\ExtLibs\Mavlink\MAVLink.csproj", "{20296734-5F3C-4593-A0D5-DD20B440B13A}"
EndProject
Project("{FAE04EC0-301F-11D3-BF4B-00C04F79EFBC}") = "px4uploader", "..\ExtLibs\px4uploader\px4uploader.csproj", "{664FC484-2A94-4B0D-808F-A71F88E06B11}"
EndProject
Project("{FAE04EC0-301F-11D3-BF4B-00C04F79EFBC}") = "GMap.NET.Core", "..\ExtLibs\GMap.NET.Core\GMap.NET.Core.csproj", "{D0C39D9D-BED0-418B-9A5E-713176CAF40C}"
EndProject
Project("{2150E333-8FDC-42A3-9474-1A3956D46DE8}") = ".nuget", ".nuget", "{6A21E082-A0A2-48A3-A631-CF3FE0382DF7}"
	ProjectSection(SolutionItems) = preProject
		..\.nuget\NuGet.Config = ..\.nuget\NuGet.Config
		..\.nuget\NuGet.exe = ..\.nuget\NuGet.exe
		..\.nuget\NuGet.targets = ..\.nuget\NuGet.targets
	EndProjectSection
EndProject
Project("{FAE04EC0-301F-11D3-BF4B-00C04F79EFBC}") = "BSE.Windows.Forms", "..\ExtLibs\BSE.Windows.Forms\BSE.Windows.Forms.csproj", "{9CA367B8-0B98-49D1-84FB-735E612E3BA9}"
EndProject
Project("{FAE04EC0-301F-11D3-BF4B-00C04F79EFBC}") = "GMap.NET.WindowsForms", "..\ExtLibs\GMap.NET.WindowsForms\GMap.NET.WindowsForms.csproj", "{E06DEF77-F933-42FB-AFD7-DB2D0D8D6A98}"
EndProject
Project("{FAE04EC0-301F-11D3-BF4B-00C04F79EFBC}") = "GroundControlLite", "GroundControlLite.csproj", "{8A41656B-9942-4ADE-96B3-16512EFEAB5C}"
EndProject
Global
	GlobalSection(SolutionConfigurationPlatforms) = preSolution
		Ad-Hoc|Any CPU = Ad-Hoc|Any CPU
		Ad-Hoc|ARM = Ad-Hoc|ARM
		Ad-Hoc|iPhone = Ad-Hoc|iPhone
		Ad-Hoc|iPhoneSimulator = Ad-Hoc|iPhoneSimulator
		Ad-Hoc|Mixed Platforms = Ad-Hoc|Mixed Platforms
		Ad-Hoc|x86 = Ad-Hoc|x86
		AppStore|Any CPU = AppStore|Any CPU
		AppStore|ARM = AppStore|ARM
		AppStore|iPhone = AppStore|iPhone
		AppStore|iPhoneSimulator = AppStore|iPhoneSimulator
		AppStore|Mixed Platforms = AppStore|Mixed Platforms
		AppStore|x86 = AppStore|x86
		Debug|Any CPU = Debug|Any CPU
		Debug|ARM = Debug|ARM
		Debug|iPhone = Debug|iPhone
		Debug|iPhoneSimulator = Debug|iPhoneSimulator
		Debug|Mixed Platforms = Debug|Mixed Platforms
		Debug|x86 = Debug|x86
		Release|Any CPU = Release|Any CPU
		Release|ARM = Release|ARM
		Release|iPhone = Release|iPhone
		Release|iPhoneSimulator = Release|iPhoneSimulator
		Release|Mixed Platforms = Release|Mixed Platforms
		Release|x86 = Release|x86
	EndGlobalSection
	GlobalSection(ProjectConfigurationPlatforms) = postSolution
		{59129078-7B12-4198-B93E-0AA08D0BB7ED}.Ad-Hoc|Any CPU.ActiveCfg = Release|Any CPU
		{59129078-7B12-4198-B93E-0AA08D0BB7ED}.Ad-Hoc|Any CPU.Build.0 = Release|Any CPU
		{59129078-7B12-4198-B93E-0AA08D0BB7ED}.Ad-Hoc|ARM.ActiveCfg = Release|Any CPU
		{59129078-7B12-4198-B93E-0AA08D0BB7ED}.Ad-Hoc|iPhone.ActiveCfg = Release|Any CPU
		{59129078-7B12-4198-B93E-0AA08D0BB7ED}.Ad-Hoc|iPhoneSimulator.ActiveCfg = Release|Any CPU
		{59129078-7B12-4198-B93E-0AA08D0BB7ED}.Ad-Hoc|Mixed Platforms.ActiveCfg = Release|Any CPU
		{59129078-7B12-4198-B93E-0AA08D0BB7ED}.Ad-Hoc|Mixed Platforms.Build.0 = Release|Any CPU
		{59129078-7B12-4198-B93E-0AA08D0BB7ED}.Ad-Hoc|x86.ActiveCfg = Release|Any CPU
		{59129078-7B12-4198-B93E-0AA08D0BB7ED}.AppStore|Any CPU.ActiveCfg = Release|Any CPU
		{59129078-7B12-4198-B93E-0AA08D0BB7ED}.AppStore|Any CPU.Build.0 = Release|Any CPU
		{59129078-7B12-4198-B93E-0AA08D0BB7ED}.AppStore|ARM.ActiveCfg = Release|Any CPU
		{59129078-7B12-4198-B93E-0AA08D0BB7ED}.AppStore|iPhone.ActiveCfg = Release|Any CPU
		{59129078-7B12-4198-B93E-0AA08D0BB7ED}.AppStore|iPhoneSimulator.ActiveCfg = Release|Any CPU
		{59129078-7B12-4198-B93E-0AA08D0BB7ED}.AppStore|Mixed Platforms.ActiveCfg = Release|Any CPU
		{59129078-7B12-4198-B93E-0AA08D0BB7ED}.AppStore|Mixed Platforms.Build.0 = Release|Any CPU
		{59129078-7B12-4198-B93E-0AA08D0BB7ED}.AppStore|x86.ActiveCfg = Release|Any CPU
		{59129078-7B12-4198-B93E-0AA08D0BB7ED}.Debug|Any CPU.ActiveCfg = Debug|Any CPU
		{59129078-7B12-4198-B93E-0AA08D0BB7ED}.Debug|Any CPU.Build.0 = Debug|Any CPU
		{59129078-7B12-4198-B93E-0AA08D0BB7ED}.Debug|ARM.ActiveCfg = Debug|Any CPU
		{59129078-7B12-4198-B93E-0AA08D0BB7ED}.Debug|iPhone.ActiveCfg = Debug|Any CPU
		{59129078-7B12-4198-B93E-0AA08D0BB7ED}.Debug|iPhoneSimulator.ActiveCfg = Debug|Any CPU
		{59129078-7B12-4198-B93E-0AA08D0BB7ED}.Debug|Mixed Platforms.ActiveCfg = Debug|Any CPU
		{59129078-7B12-4198-B93E-0AA08D0BB7ED}.Debug|Mixed Platforms.Build.0 = Debug|Any CPU
		{59129078-7B12-4198-B93E-0AA08D0BB7ED}.Debug|x86.ActiveCfg = Debug|Any CPU
		{59129078-7B12-4198-B93E-0AA08D0BB7ED}.Release|Any CPU.ActiveCfg = Release|Any CPU
		{59129078-7B12-4198-B93E-0AA08D0BB7ED}.Release|Any CPU.Build.0 = Release|Any CPU
		{59129078-7B12-4198-B93E-0AA08D0BB7ED}.Release|ARM.ActiveCfg = Release|Any CPU
		{59129078-7B12-4198-B93E-0AA08D0BB7ED}.Release|iPhone.ActiveCfg = Release|Any CPU
		{59129078-7B12-4198-B93E-0AA08D0BB7ED}.Release|iPhoneSimulator.ActiveCfg = Release|Any CPU
		{59129078-7B12-4198-B93E-0AA08D0BB7ED}.Release|Mixed Platforms.ActiveCfg = Release|Any CPU
		{59129078-7B12-4198-B93E-0AA08D0BB7ED}.Release|Mixed Platforms.Build.0 = Release|Any CPU
		{59129078-7B12-4198-B93E-0AA08D0BB7ED}.Release|x86.ActiveCfg = Release|Any CPU
		{B46F6C6C-9184-41AF-8F8B-E0084752CA7C}.Ad-Hoc|Any CPU.ActiveCfg = Release|Any CPU
		{B46F6C6C-9184-41AF-8F8B-E0084752CA7C}.Ad-Hoc|Any CPU.Build.0 = Release|Any CPU
		{B46F6C6C-9184-41AF-8F8B-E0084752CA7C}.Ad-Hoc|ARM.ActiveCfg = Release|Any CPU
		{B46F6C6C-9184-41AF-8F8B-E0084752CA7C}.Ad-Hoc|iPhone.ActiveCfg = Release|Any CPU
		{B46F6C6C-9184-41AF-8F8B-E0084752CA7C}.Ad-Hoc|iPhoneSimulator.ActiveCfg = Release|Any CPU
		{B46F6C6C-9184-41AF-8F8B-E0084752CA7C}.Ad-Hoc|Mixed Platforms.ActiveCfg = Release|Any CPU
		{B46F6C6C-9184-41AF-8F8B-E0084752CA7C}.Ad-Hoc|Mixed Platforms.Build.0 = Release|Any CPU
		{B46F6C6C-9184-41AF-8F8B-E0084752CA7C}.Ad-Hoc|x86.ActiveCfg = Release|Any CPU
		{B46F6C6C-9184-41AF-8F8B-E0084752CA7C}.AppStore|Any CPU.ActiveCfg = Release|Any CPU
		{B46F6C6C-9184-41AF-8F8B-E0084752CA7C}.AppStore|Any CPU.Build.0 = Release|Any CPU
		{B46F6C6C-9184-41AF-8F8B-E0084752CA7C}.AppStore|ARM.ActiveCfg = Release|Any CPU
		{B46F6C6C-9184-41AF-8F8B-E0084752CA7C}.AppStore|iPhone.ActiveCfg = Release|Any CPU
		{B46F6C6C-9184-41AF-8F8B-E0084752CA7C}.AppStore|iPhoneSimulator.ActiveCfg = Release|Any CPU
		{B46F6C6C-9184-41AF-8F8B-E0084752CA7C}.AppStore|Mixed Platforms.ActiveCfg = Release|Any CPU
		{B46F6C6C-9184-41AF-8F8B-E0084752CA7C}.AppStore|Mixed Platforms.Build.0 = Release|Any CPU
		{B46F6C6C-9184-41AF-8F8B-E0084752CA7C}.AppStore|x86.ActiveCfg = Release|Any CPU
		{B46F6C6C-9184-41AF-8F8B-E0084752CA7C}.Debug|Any CPU.ActiveCfg = Debug|Any CPU
		{B46F6C6C-9184-41AF-8F8B-E0084752CA7C}.Debug|Any CPU.Build.0 = Debug|Any CPU
		{B46F6C6C-9184-41AF-8F8B-E0084752CA7C}.Debug|ARM.ActiveCfg = Debug|Any CPU
		{B46F6C6C-9184-41AF-8F8B-E0084752CA7C}.Debug|iPhone.ActiveCfg = Debug|Any CPU
		{B46F6C6C-9184-41AF-8F8B-E0084752CA7C}.Debug|iPhoneSimulator.ActiveCfg = Debug|Any CPU
		{B46F6C6C-9184-41AF-8F8B-E0084752CA7C}.Debug|Mixed Platforms.ActiveCfg = Debug|Any CPU
		{B46F6C6C-9184-41AF-8F8B-E0084752CA7C}.Debug|Mixed Platforms.Build.0 = Debug|Any CPU
		{B46F6C6C-9184-41AF-8F8B-E0084752CA7C}.Debug|x86.ActiveCfg = Debug|Any CPU
		{B46F6C6C-9184-41AF-8F8B-E0084752CA7C}.Release|Any CPU.ActiveCfg = Release|Any CPU
		{B46F6C6C-9184-41AF-8F8B-E0084752CA7C}.Release|Any CPU.Build.0 = Release|Any CPU
		{B46F6C6C-9184-41AF-8F8B-E0084752CA7C}.Release|ARM.ActiveCfg = Release|Any CPU
		{B46F6C6C-9184-41AF-8F8B-E0084752CA7C}.Release|iPhone.ActiveCfg = Release|Any CPU
		{B46F6C6C-9184-41AF-8F8B-E0084752CA7C}.Release|iPhoneSimulator.ActiveCfg = Release|Any CPU
		{B46F6C6C-9184-41AF-8F8B-E0084752CA7C}.Release|Mixed Platforms.ActiveCfg = Release|Any CPU
		{B46F6C6C-9184-41AF-8F8B-E0084752CA7C}.Release|Mixed Platforms.Build.0 = Release|Any CPU
		{B46F6C6C-9184-41AF-8F8B-E0084752CA7C}.Release|x86.ActiveCfg = Release|Any CPU
		{C8B88795-6D01-494D-83AD-6944BD4C5023}.Ad-Hoc|Any CPU.ActiveCfg = Release|Any CPU
		{C8B88795-6D01-494D-83AD-6944BD4C5023}.Ad-Hoc|Any CPU.Build.0 = Release|Any CPU
		{C8B88795-6D01-494D-83AD-6944BD4C5023}.Ad-Hoc|ARM.ActiveCfg = Release|Any CPU
		{C8B88795-6D01-494D-83AD-6944BD4C5023}.Ad-Hoc|iPhone.ActiveCfg = Release|Any CPU
		{C8B88795-6D01-494D-83AD-6944BD4C5023}.Ad-Hoc|iPhoneSimulator.ActiveCfg = Release|Any CPU
		{C8B88795-6D01-494D-83AD-6944BD4C5023}.Ad-Hoc|Mixed Platforms.ActiveCfg = Release|Any CPU
		{C8B88795-6D01-494D-83AD-6944BD4C5023}.Ad-Hoc|Mixed Platforms.Build.0 = Release|Any CPU
		{C8B88795-6D01-494D-83AD-6944BD4C5023}.Ad-Hoc|x86.ActiveCfg = Release|Any CPU
		{C8B88795-6D01-494D-83AD-6944BD4C5023}.AppStore|Any CPU.ActiveCfg = Release|Any CPU
		{C8B88795-6D01-494D-83AD-6944BD4C5023}.AppStore|Any CPU.Build.0 = Release|Any CPU
		{C8B88795-6D01-494D-83AD-6944BD4C5023}.AppStore|ARM.ActiveCfg = Release|Any CPU
		{C8B88795-6D01-494D-83AD-6944BD4C5023}.AppStore|iPhone.ActiveCfg = Release|Any CPU
		{C8B88795-6D01-494D-83AD-6944BD4C5023}.AppStore|iPhoneSimulator.ActiveCfg = Release|Any CPU
		{C8B88795-6D01-494D-83AD-6944BD4C5023}.AppStore|Mixed Platforms.ActiveCfg = Release|Any CPU
		{C8B88795-6D01-494D-83AD-6944BD4C5023}.AppStore|Mixed Platforms.Build.0 = Release|Any CPU
		{C8B88795-6D01-494D-83AD-6944BD4C5023}.AppStore|x86.ActiveCfg = Release|Any CPU
		{C8B88795-6D01-494D-83AD-6944BD4C5023}.Debug|Any CPU.ActiveCfg = Debug|Any CPU
		{C8B88795-6D01-494D-83AD-6944BD4C5023}.Debug|Any CPU.Build.0 = Debug|Any CPU
		{C8B88795-6D01-494D-83AD-6944BD4C5023}.Debug|ARM.ActiveCfg = Debug|Any CPU
		{C8B88795-6D01-494D-83AD-6944BD4C5023}.Debug|iPhone.ActiveCfg = Debug|Any CPU
		{C8B88795-6D01-494D-83AD-6944BD4C5023}.Debug|iPhoneSimulator.ActiveCfg = Debug|Any CPU
		{C8B88795-6D01-494D-83AD-6944BD4C5023}.Debug|Mixed Platforms.ActiveCfg = Debug|Any CPU
		{C8B88795-6D01-494D-83AD-6944BD4C5023}.Debug|Mixed Platforms.Build.0 = Debug|Any CPU
		{C8B88795-6D01-494D-83AD-6944BD4C5023}.Debug|x86.ActiveCfg = Debug|Any CPU
		{C8B88795-6D01-494D-83AD-6944BD4C5023}.Release|Any CPU.ActiveCfg = Release|Any CPU
		{C8B88795-6D01-494D-83AD-6944BD4C5023}.Release|Any CPU.Build.0 = Release|Any CPU
		{C8B88795-6D01-494D-83AD-6944BD4C5023}.Release|ARM.ActiveCfg = Release|Any CPU
		{C8B88795-6D01-494D-83AD-6944BD4C5023}.Release|iPhone.ActiveCfg = Release|Any CPU
		{C8B88795-6D01-494D-83AD-6944BD4C5023}.Release|iPhoneSimulator.ActiveCfg = Release|Any CPU
		{C8B88795-6D01-494D-83AD-6944BD4C5023}.Release|Mixed Platforms.ActiveCfg = Release|Any CPU
		{C8B88795-6D01-494D-83AD-6944BD4C5023}.Release|Mixed Platforms.Build.0 = Release|Any CPU
		{C8B88795-6D01-494D-83AD-6944BD4C5023}.Release|x86.ActiveCfg = Release|Any CPU
		{825E7A10-390C-4A2B-B3A8-491D14966912}.Ad-Hoc|Any CPU.ActiveCfg = Release|Any CPU
		{825E7A10-390C-4A2B-B3A8-491D14966912}.Ad-Hoc|Any CPU.Build.0 = Release|Any CPU
		{825E7A10-390C-4A2B-B3A8-491D14966912}.Ad-Hoc|ARM.ActiveCfg = Release|Any CPU
		{825E7A10-390C-4A2B-B3A8-491D14966912}.Ad-Hoc|iPhone.ActiveCfg = Release|Any CPU
		{825E7A10-390C-4A2B-B3A8-491D14966912}.Ad-Hoc|iPhoneSimulator.ActiveCfg = Release|Any CPU
		{825E7A10-390C-4A2B-B3A8-491D14966912}.Ad-Hoc|Mixed Platforms.ActiveCfg = Release|Any CPU
		{825E7A10-390C-4A2B-B3A8-491D14966912}.Ad-Hoc|Mixed Platforms.Build.0 = Release|Any CPU
		{825E7A10-390C-4A2B-B3A8-491D14966912}.Ad-Hoc|x86.ActiveCfg = Release|Any CPU
		{825E7A10-390C-4A2B-B3A8-491D14966912}.AppStore|Any CPU.ActiveCfg = Release|Any CPU
		{825E7A10-390C-4A2B-B3A8-491D14966912}.AppStore|Any CPU.Build.0 = Release|Any CPU
		{825E7A10-390C-4A2B-B3A8-491D14966912}.AppStore|ARM.ActiveCfg = Release|Any CPU
		{825E7A10-390C-4A2B-B3A8-491D14966912}.AppStore|iPhone.ActiveCfg = Release|Any CPU
		{825E7A10-390C-4A2B-B3A8-491D14966912}.AppStore|iPhoneSimulator.ActiveCfg = Release|Any CPU
		{825E7A10-390C-4A2B-B3A8-491D14966912}.AppStore|Mixed Platforms.ActiveCfg = Release|Any CPU
		{825E7A10-390C-4A2B-B3A8-491D14966912}.AppStore|Mixed Platforms.Build.0 = Release|Any CPU
		{825E7A10-390C-4A2B-B3A8-491D14966912}.AppStore|x86.ActiveCfg = Release|Any CPU
		{825E7A10-390C-4A2B-B3A8-491D14966912}.Debug|Any CPU.ActiveCfg = Debug|Any CPU
		{825E7A10-390C-4A2B-B3A8-491D14966912}.Debug|Any CPU.Build.0 = Debug|Any CPU
		{825E7A10-390C-4A2B-B3A8-491D14966912}.Debug|ARM.ActiveCfg = Debug|Any CPU
		{825E7A10-390C-4A2B-B3A8-491D14966912}.Debug|iPhone.ActiveCfg = Debug|Any CPU
		{825E7A10-390C-4A2B-B3A8-491D14966912}.Debug|iPhoneSimulator.ActiveCfg = Debug|Any CPU
		{825E7A10-390C-4A2B-B3A8-491D14966912}.Debug|Mixed Platforms.ActiveCfg = Debug|Any CPU
		{825E7A10-390C-4A2B-B3A8-491D14966912}.Debug|Mixed Platforms.Build.0 = Debug|Any CPU
		{825E7A10-390C-4A2B-B3A8-491D14966912}.Debug|x86.ActiveCfg = Debug|Any CPU
		{825E7A10-390C-4A2B-B3A8-491D14966912}.Release|Any CPU.ActiveCfg = Release|Any CPU
		{825E7A10-390C-4A2B-B3A8-491D14966912}.Release|Any CPU.Build.0 = Release|Any CPU
		{825E7A10-390C-4A2B-B3A8-491D14966912}.Release|ARM.ActiveCfg = Release|Any CPU
		{825E7A10-390C-4A2B-B3A8-491D14966912}.Release|iPhone.ActiveCfg = Release|Any CPU
		{825E7A10-390C-4A2B-B3A8-491D14966912}.Release|iPhoneSimulator.ActiveCfg = Release|Any CPU
		{825E7A10-390C-4A2B-B3A8-491D14966912}.Release|Mixed Platforms.ActiveCfg = Release|Any CPU
		{825E7A10-390C-4A2B-B3A8-491D14966912}.Release|Mixed Platforms.Build.0 = Release|Any CPU
		{825E7A10-390C-4A2B-B3A8-491D14966912}.Release|x86.ActiveCfg = Release|Any CPU
		{1378A66C-38E4-46F5-A05F-DC04EF7D4D16}.Ad-Hoc|Any CPU.ActiveCfg = Release|Any CPU
		{1378A66C-38E4-46F5-A05F-DC04EF7D4D16}.Ad-Hoc|Any CPU.Build.0 = Release|Any CPU
		{1378A66C-38E4-46F5-A05F-DC04EF7D4D16}.Ad-Hoc|ARM.ActiveCfg = Release|Any CPU
		{1378A66C-38E4-46F5-A05F-DC04EF7D4D16}.Ad-Hoc|iPhone.ActiveCfg = Release|Any CPU
		{1378A66C-38E4-46F5-A05F-DC04EF7D4D16}.Ad-Hoc|iPhoneSimulator.ActiveCfg = Release|Any CPU
		{1378A66C-38E4-46F5-A05F-DC04EF7D4D16}.Ad-Hoc|Mixed Platforms.ActiveCfg = Release|Any CPU
		{1378A66C-38E4-46F5-A05F-DC04EF7D4D16}.Ad-Hoc|Mixed Platforms.Build.0 = Release|Any CPU
		{1378A66C-38E4-46F5-A05F-DC04EF7D4D16}.Ad-Hoc|x86.ActiveCfg = Release|Any CPU
		{1378A66C-38E4-46F5-A05F-DC04EF7D4D16}.AppStore|Any CPU.ActiveCfg = Release|Any CPU
		{1378A66C-38E4-46F5-A05F-DC04EF7D4D16}.AppStore|Any CPU.Build.0 = Release|Any CPU
		{1378A66C-38E4-46F5-A05F-DC04EF7D4D16}.AppStore|ARM.ActiveCfg = Release|Any CPU
		{1378A66C-38E4-46F5-A05F-DC04EF7D4D16}.AppStore|iPhone.ActiveCfg = Release|Any CPU
		{1378A66C-38E4-46F5-A05F-DC04EF7D4D16}.AppStore|iPhoneSimulator.ActiveCfg = Release|Any CPU
		{1378A66C-38E4-46F5-A05F-DC04EF7D4D16}.AppStore|Mixed Platforms.ActiveCfg = Release|Any CPU
		{1378A66C-38E4-46F5-A05F-DC04EF7D4D16}.AppStore|Mixed Platforms.Build.0 = Release|Any CPU
		{1378A66C-38E4-46F5-A05F-DC04EF7D4D16}.AppStore|x86.ActiveCfg = Release|Any CPU
		{1378A66C-38E4-46F5-A05F-DC04EF7D4D16}.Debug|Any CPU.ActiveCfg = Debug|Any CPU
		{1378A66C-38E4-46F5-A05F-DC04EF7D4D16}.Debug|Any CPU.Build.0 = Debug|Any CPU
		{1378A66C-38E4-46F5-A05F-DC04EF7D4D16}.Debug|ARM.ActiveCfg = Debug|Any CPU
		{1378A66C-38E4-46F5-A05F-DC04EF7D4D16}.Debug|iPhone.ActiveCfg = Debug|Any CPU
		{1378A66C-38E4-46F5-A05F-DC04EF7D4D16}.Debug|iPhoneSimulator.ActiveCfg = Debug|Any CPU
		{1378A66C-38E4-46F5-A05F-DC04EF7D4D16}.Debug|Mixed Platforms.ActiveCfg = Debug|Any CPU
		{1378A66C-38E4-46F5-A05F-DC04EF7D4D16}.Debug|Mixed Platforms.Build.0 = Debug|Any CPU
		{1378A66C-38E4-46F5-A05F-DC04EF7D4D16}.Debug|x86.ActiveCfg = Debug|Any CPU
		{1378A66C-38E4-46F5-A05F-DC04EF7D4D16}.Release|Any CPU.ActiveCfg = Release|Any CPU
		{1378A66C-38E4-46F5-A05F-DC04EF7D4D16}.Release|Any CPU.Build.0 = Release|Any CPU
		{1378A66C-38E4-46F5-A05F-DC04EF7D4D16}.Release|ARM.ActiveCfg = Release|Any CPU
		{1378A66C-38E4-46F5-A05F-DC04EF7D4D16}.Release|iPhone.ActiveCfg = Release|Any CPU
		{1378A66C-38E4-46F5-A05F-DC04EF7D4D16}.Release|iPhoneSimulator.ActiveCfg = Release|Any CPU
		{1378A66C-38E4-46F5-A05F-DC04EF7D4D16}.Release|Mixed Platforms.ActiveCfg = Release|Any CPU
		{1378A66C-38E4-46F5-A05F-DC04EF7D4D16}.Release|Mixed Platforms.Build.0 = Release|Any CPU
		{1378A66C-38E4-46F5-A05F-DC04EF7D4D16}.Release|x86.ActiveCfg = Release|Any CPU
		{7F7994CE-823F-4A04-BBEA-D0A3808FF56D}.Ad-Hoc|Any CPU.ActiveCfg = Release|Any CPU
		{7F7994CE-823F-4A04-BBEA-D0A3808FF56D}.Ad-Hoc|Any CPU.Build.0 = Release|Any CPU
		{7F7994CE-823F-4A04-BBEA-D0A3808FF56D}.Ad-Hoc|ARM.ActiveCfg = Release|Any CPU
		{7F7994CE-823F-4A04-BBEA-D0A3808FF56D}.Ad-Hoc|iPhone.ActiveCfg = Release|Any CPU
		{7F7994CE-823F-4A04-BBEA-D0A3808FF56D}.Ad-Hoc|iPhoneSimulator.ActiveCfg = Release|Any CPU
		{7F7994CE-823F-4A04-BBEA-D0A3808FF56D}.Ad-Hoc|Mixed Platforms.ActiveCfg = Release|Any CPU
		{7F7994CE-823F-4A04-BBEA-D0A3808FF56D}.Ad-Hoc|Mixed Platforms.Build.0 = Release|Any CPU
		{7F7994CE-823F-4A04-BBEA-D0A3808FF56D}.Ad-Hoc|x86.ActiveCfg = Release|Any CPU
		{7F7994CE-823F-4A04-BBEA-D0A3808FF56D}.AppStore|Any CPU.ActiveCfg = Release|Any CPU
		{7F7994CE-823F-4A04-BBEA-D0A3808FF56D}.AppStore|Any CPU.Build.0 = Release|Any CPU
		{7F7994CE-823F-4A04-BBEA-D0A3808FF56D}.AppStore|ARM.ActiveCfg = Release|Any CPU
		{7F7994CE-823F-4A04-BBEA-D0A3808FF56D}.AppStore|iPhone.ActiveCfg = Release|Any CPU
		{7F7994CE-823F-4A04-BBEA-D0A3808FF56D}.AppStore|iPhoneSimulator.ActiveCfg = Release|Any CPU
		{7F7994CE-823F-4A04-BBEA-D0A3808FF56D}.AppStore|Mixed Platforms.ActiveCfg = Release|Any CPU
		{7F7994CE-823F-4A04-BBEA-D0A3808FF56D}.AppStore|Mixed Platforms.Build.0 = Release|Any CPU
		{7F7994CE-823F-4A04-BBEA-D0A3808FF56D}.AppStore|x86.ActiveCfg = Release|Any CPU
		{7F7994CE-823F-4A04-BBEA-D0A3808FF56D}.Debug|Any CPU.ActiveCfg = Debug|Any CPU
		{7F7994CE-823F-4A04-BBEA-D0A3808FF56D}.Debug|Any CPU.Build.0 = Debug|Any CPU
		{7F7994CE-823F-4A04-BBEA-D0A3808FF56D}.Debug|ARM.ActiveCfg = Debug|Any CPU
		{7F7994CE-823F-4A04-BBEA-D0A3808FF56D}.Debug|iPhone.ActiveCfg = Debug|Any CPU
		{7F7994CE-823F-4A04-BBEA-D0A3808FF56D}.Debug|iPhoneSimulator.ActiveCfg = Debug|Any CPU
		{7F7994CE-823F-4A04-BBEA-D0A3808FF56D}.Debug|Mixed Platforms.ActiveCfg = Debug|Any CPU
		{7F7994CE-823F-4A04-BBEA-D0A3808FF56D}.Debug|Mixed Platforms.Build.0 = Debug|Any CPU
		{7F7994CE-823F-4A04-BBEA-D0A3808FF56D}.Debug|x86.ActiveCfg = Debug|Any CPU
		{7F7994CE-823F-4A04-BBEA-D0A3808FF56D}.Release|Any CPU.ActiveCfg = Release|Any CPU
		{7F7994CE-823F-4A04-BBEA-D0A3808FF56D}.Release|Any CPU.Build.0 = Release|Any CPU
		{7F7994CE-823F-4A04-BBEA-D0A3808FF56D}.Release|ARM.ActiveCfg = Release|Any CPU
		{7F7994CE-823F-4A04-BBEA-D0A3808FF56D}.Release|iPhone.ActiveCfg = Release|Any CPU
		{7F7994CE-823F-4A04-BBEA-D0A3808FF56D}.Release|iPhoneSimulator.ActiveCfg = Release|Any CPU
		{7F7994CE-823F-4A04-BBEA-D0A3808FF56D}.Release|Mixed Platforms.ActiveCfg = Release|Any CPU
		{7F7994CE-823F-4A04-BBEA-D0A3808FF56D}.Release|Mixed Platforms.Build.0 = Release|Any CPU
		{7F7994CE-823F-4A04-BBEA-D0A3808FF56D}.Release|x86.ActiveCfg = Release|Any CPU
		{20296734-5F3C-4593-A0D5-DD20B440B13A}.Ad-Hoc|Any CPU.ActiveCfg = Release|Any CPU
		{20296734-5F3C-4593-A0D5-DD20B440B13A}.Ad-Hoc|Any CPU.Build.0 = Release|Any CPU
		{20296734-5F3C-4593-A0D5-DD20B440B13A}.Ad-Hoc|ARM.ActiveCfg = Release|Any CPU
		{20296734-5F3C-4593-A0D5-DD20B440B13A}.Ad-Hoc|iPhone.ActiveCfg = Release|Any CPU
		{20296734-5F3C-4593-A0D5-DD20B440B13A}.Ad-Hoc|iPhoneSimulator.ActiveCfg = Release|Any CPU
		{20296734-5F3C-4593-A0D5-DD20B440B13A}.Ad-Hoc|Mixed Platforms.ActiveCfg = Release|Any CPU
		{20296734-5F3C-4593-A0D5-DD20B440B13A}.Ad-Hoc|Mixed Platforms.Build.0 = Release|Any CPU
		{20296734-5F3C-4593-A0D5-DD20B440B13A}.Ad-Hoc|x86.ActiveCfg = Release|Any CPU
		{20296734-5F3C-4593-A0D5-DD20B440B13A}.AppStore|Any CPU.ActiveCfg = Release|Any CPU
		{20296734-5F3C-4593-A0D5-DD20B440B13A}.AppStore|Any CPU.Build.0 = Release|Any CPU
		{20296734-5F3C-4593-A0D5-DD20B440B13A}.AppStore|ARM.ActiveCfg = Release|Any CPU
		{20296734-5F3C-4593-A0D5-DD20B440B13A}.AppStore|iPhone.ActiveCfg = Release|Any CPU
		{20296734-5F3C-4593-A0D5-DD20B440B13A}.AppStore|iPhoneSimulator.ActiveCfg = Release|Any CPU
		{20296734-5F3C-4593-A0D5-DD20B440B13A}.AppStore|Mixed Platforms.ActiveCfg = Release|Any CPU
		{20296734-5F3C-4593-A0D5-DD20B440B13A}.AppStore|Mixed Platforms.Build.0 = Release|Any CPU
		{20296734-5F3C-4593-A0D5-DD20B440B13A}.AppStore|x86.ActiveCfg = Release|Any CPU
		{20296734-5F3C-4593-A0D5-DD20B440B13A}.Debug|Any CPU.ActiveCfg = Debug|Any CPU
		{20296734-5F3C-4593-A0D5-DD20B440B13A}.Debug|Any CPU.Build.0 = Debug|Any CPU
		{20296734-5F3C-4593-A0D5-DD20B440B13A}.Debug|ARM.ActiveCfg = Debug|Any CPU
		{20296734-5F3C-4593-A0D5-DD20B440B13A}.Debug|iPhone.ActiveCfg = Debug|Any CPU
		{20296734-5F3C-4593-A0D5-DD20B440B13A}.Debug|iPhoneSimulator.ActiveCfg = Debug|Any CPU
		{20296734-5F3C-4593-A0D5-DD20B440B13A}.Debug|Mixed Platforms.ActiveCfg = Debug|Any CPU
		{20296734-5F3C-4593-A0D5-DD20B440B13A}.Debug|Mixed Platforms.Build.0 = Debug|Any CPU
		{20296734-5F3C-4593-A0D5-DD20B440B13A}.Debug|x86.ActiveCfg = Debug|Any CPU
		{20296734-5F3C-4593-A0D5-DD20B440B13A}.Release|Any CPU.ActiveCfg = Release|Any CPU
		{20296734-5F3C-4593-A0D5-DD20B440B13A}.Release|Any CPU.Build.0 = Release|Any CPU
		{20296734-5F3C-4593-A0D5-DD20B440B13A}.Release|ARM.ActiveCfg = Release|Any CPU
		{20296734-5F3C-4593-A0D5-DD20B440B13A}.Release|iPhone.ActiveCfg = Release|Any CPU
		{20296734-5F3C-4593-A0D5-DD20B440B13A}.Release|iPhoneSimulator.ActiveCfg = Release|Any CPU
		{20296734-5F3C-4593-A0D5-DD20B440B13A}.Release|Mixed Platforms.ActiveCfg = Release|Any CPU
		{20296734-5F3C-4593-A0D5-DD20B440B13A}.Release|Mixed Platforms.Build.0 = Release|Any CPU
		{20296734-5F3C-4593-A0D5-DD20B440B13A}.Release|x86.ActiveCfg = Release|Any CPU
		{664FC484-2A94-4B0D-808F-A71F88E06B11}.Ad-Hoc|Any CPU.ActiveCfg = Release|x86
		{664FC484-2A94-4B0D-808F-A71F88E06B11}.Ad-Hoc|ARM.ActiveCfg = Release|x86
		{664FC484-2A94-4B0D-808F-A71F88E06B11}.Ad-Hoc|iPhone.ActiveCfg = Release|x86
		{664FC484-2A94-4B0D-808F-A71F88E06B11}.Ad-Hoc|iPhoneSimulator.ActiveCfg = Release|x86
		{664FC484-2A94-4B0D-808F-A71F88E06B11}.Ad-Hoc|Mixed Platforms.ActiveCfg = Release|x86
		{664FC484-2A94-4B0D-808F-A71F88E06B11}.Ad-Hoc|Mixed Platforms.Build.0 = Release|x86
		{664FC484-2A94-4B0D-808F-A71F88E06B11}.Ad-Hoc|x86.ActiveCfg = Release|x86
		{664FC484-2A94-4B0D-808F-A71F88E06B11}.Ad-Hoc|x86.Build.0 = Release|x86
		{664FC484-2A94-4B0D-808F-A71F88E06B11}.AppStore|Any CPU.ActiveCfg = Release|x86
		{664FC484-2A94-4B0D-808F-A71F88E06B11}.AppStore|ARM.ActiveCfg = Release|x86
		{664FC484-2A94-4B0D-808F-A71F88E06B11}.AppStore|iPhone.ActiveCfg = Release|x86
		{664FC484-2A94-4B0D-808F-A71F88E06B11}.AppStore|iPhoneSimulator.ActiveCfg = Release|x86
		{664FC484-2A94-4B0D-808F-A71F88E06B11}.AppStore|Mixed Platforms.ActiveCfg = Release|x86
		{664FC484-2A94-4B0D-808F-A71F88E06B11}.AppStore|Mixed Platforms.Build.0 = Release|x86
		{664FC484-2A94-4B0D-808F-A71F88E06B11}.AppStore|x86.ActiveCfg = Release|x86
		{664FC484-2A94-4B0D-808F-A71F88E06B11}.AppStore|x86.Build.0 = Release|x86
		{664FC484-2A94-4B0D-808F-A71F88E06B11}.Debug|Any CPU.ActiveCfg = Debug|x86
		{664FC484-2A94-4B0D-808F-A71F88E06B11}.Debug|ARM.ActiveCfg = Debug|x86
		{664FC484-2A94-4B0D-808F-A71F88E06B11}.Debug|iPhone.ActiveCfg = Debug|x86
		{664FC484-2A94-4B0D-808F-A71F88E06B11}.Debug|iPhoneSimulator.ActiveCfg = Debug|x86
		{664FC484-2A94-4B0D-808F-A71F88E06B11}.Debug|Mixed Platforms.ActiveCfg = Debug|x86
		{664FC484-2A94-4B0D-808F-A71F88E06B11}.Debug|Mixed Platforms.Build.0 = Debug|x86
		{664FC484-2A94-4B0D-808F-A71F88E06B11}.Debug|x86.ActiveCfg = Debug|x86
		{664FC484-2A94-4B0D-808F-A71F88E06B11}.Debug|x86.Build.0 = Debug|x86
		{664FC484-2A94-4B0D-808F-A71F88E06B11}.Release|Any CPU.ActiveCfg = Release|x86
		{664FC484-2A94-4B0D-808F-A71F88E06B11}.Release|ARM.ActiveCfg = Release|x86
		{664FC484-2A94-4B0D-808F-A71F88E06B11}.Release|iPhone.ActiveCfg = Release|x86
		{664FC484-2A94-4B0D-808F-A71F88E06B11}.Release|iPhoneSimulator.ActiveCfg = Release|x86
		{664FC484-2A94-4B0D-808F-A71F88E06B11}.Release|Mixed Platforms.ActiveCfg = Release|x86
		{664FC484-2A94-4B0D-808F-A71F88E06B11}.Release|Mixed Platforms.Build.0 = Release|x86
		{664FC484-2A94-4B0D-808F-A71F88E06B11}.Release|x86.ActiveCfg = Release|x86
		{664FC484-2A94-4B0D-808F-A71F88E06B11}.Release|x86.Build.0 = Release|x86
		{D0C39D9D-BED0-418B-9A5E-713176CAF40C}.Ad-Hoc|Any CPU.ActiveCfg = Release|Any CPU
		{D0C39D9D-BED0-418B-9A5E-713176CAF40C}.Ad-Hoc|Any CPU.Build.0 = Release|Any CPU
		{D0C39D9D-BED0-418B-9A5E-713176CAF40C}.Ad-Hoc|ARM.ActiveCfg = Release|Any CPU
		{D0C39D9D-BED0-418B-9A5E-713176CAF40C}.Ad-Hoc|iPhone.ActiveCfg = Release|Any CPU
		{D0C39D9D-BED0-418B-9A5E-713176CAF40C}.Ad-Hoc|iPhoneSimulator.ActiveCfg = Release|Any CPU
		{D0C39D9D-BED0-418B-9A5E-713176CAF40C}.Ad-Hoc|Mixed Platforms.ActiveCfg = Release|Any CPU
		{D0C39D9D-BED0-418B-9A5E-713176CAF40C}.Ad-Hoc|Mixed Platforms.Build.0 = Release|Any CPU
		{D0C39D9D-BED0-418B-9A5E-713176CAF40C}.Ad-Hoc|x86.ActiveCfg = Release|Any CPU
		{D0C39D9D-BED0-418B-9A5E-713176CAF40C}.AppStore|Any CPU.ActiveCfg = Release|Any CPU
		{D0C39D9D-BED0-418B-9A5E-713176CAF40C}.AppStore|Any CPU.Build.0 = Release|Any CPU
		{D0C39D9D-BED0-418B-9A5E-713176CAF40C}.AppStore|ARM.ActiveCfg = Release|Any CPU
		{D0C39D9D-BED0-418B-9A5E-713176CAF40C}.AppStore|iPhone.ActiveCfg = Release|Any CPU
		{D0C39D9D-BED0-418B-9A5E-713176CAF40C}.AppStore|iPhoneSimulator.ActiveCfg = Release|Any CPU
		{D0C39D9D-BED0-418B-9A5E-713176CAF40C}.AppStore|Mixed Platforms.ActiveCfg = Release|Any CPU
		{D0C39D9D-BED0-418B-9A5E-713176CAF40C}.AppStore|Mixed Platforms.Build.0 = Release|Any CPU
		{D0C39D9D-BED0-418B-9A5E-713176CAF40C}.AppStore|x86.ActiveCfg = Release|Any CPU
		{D0C39D9D-BED0-418B-9A5E-713176CAF40C}.Debug|Any CPU.ActiveCfg = Debug|Any CPU
		{D0C39D9D-BED0-418B-9A5E-713176CAF40C}.Debug|Any CPU.Build.0 = Debug|Any CPU
		{D0C39D9D-BED0-418B-9A5E-713176CAF40C}.Debug|ARM.ActiveCfg = Debug|Any CPU
		{D0C39D9D-BED0-418B-9A5E-713176CAF40C}.Debug|iPhone.ActiveCfg = Debug|Any CPU
		{D0C39D9D-BED0-418B-9A5E-713176CAF40C}.Debug|iPhoneSimulator.ActiveCfg = Debug|Any CPU
		{D0C39D9D-BED0-418B-9A5E-713176CAF40C}.Debug|Mixed Platforms.ActiveCfg = Debug|Any CPU
		{D0C39D9D-BED0-418B-9A5E-713176CAF40C}.Debug|Mixed Platforms.Build.0 = Debug|Any CPU
		{D0C39D9D-BED0-418B-9A5E-713176CAF40C}.Debug|x86.ActiveCfg = Debug|Any CPU
		{D0C39D9D-BED0-418B-9A5E-713176CAF40C}.Release|Any CPU.ActiveCfg = Release|Any CPU
		{D0C39D9D-BED0-418B-9A5E-713176CAF40C}.Release|Any CPU.Build.0 = Release|Any CPU
		{D0C39D9D-BED0-418B-9A5E-713176CAF40C}.Release|ARM.ActiveCfg = Release|Any CPU
		{D0C39D9D-BED0-418B-9A5E-713176CAF40C}.Release|iPhone.ActiveCfg = Release|Any CPU
		{D0C39D9D-BED0-418B-9A5E-713176CAF40C}.Release|iPhoneSimulator.ActiveCfg = Release|Any CPU
		{D0C39D9D-BED0-418B-9A5E-713176CAF40C}.Release|Mixed Platforms.ActiveCfg = Release|Any CPU
		{D0C39D9D-BED0-418B-9A5E-713176CAF40C}.Release|Mixed Platforms.Build.0 = Release|Any CPU
		{D0C39D9D-BED0-418B-9A5E-713176CAF40C}.Release|x86.ActiveCfg = Release|Any CPU
		{9CA367B8-0B98-49D1-84FB-735E612E3BA9}.Ad-Hoc|Any CPU.ActiveCfg = Release|Any CPU
		{9CA367B8-0B98-49D1-84FB-735E612E3BA9}.Ad-Hoc|Any CPU.Build.0 = Release|Any CPU
		{9CA367B8-0B98-49D1-84FB-735E612E3BA9}.Ad-Hoc|ARM.ActiveCfg = Release|Any CPU
		{9CA367B8-0B98-49D1-84FB-735E612E3BA9}.Ad-Hoc|iPhone.ActiveCfg = Release|Any CPU
		{9CA367B8-0B98-49D1-84FB-735E612E3BA9}.Ad-Hoc|iPhoneSimulator.ActiveCfg = Release|Any CPU
		{9CA367B8-0B98-49D1-84FB-735E612E3BA9}.Ad-Hoc|Mixed Platforms.ActiveCfg = Release|Any CPU
		{9CA367B8-0B98-49D1-84FB-735E612E3BA9}.Ad-Hoc|Mixed Platforms.Build.0 = Release|Any CPU
		{9CA367B8-0B98-49D1-84FB-735E612E3BA9}.Ad-Hoc|x86.ActiveCfg = Release|Any CPU
		{9CA367B8-0B98-49D1-84FB-735E612E3BA9}.AppStore|Any CPU.ActiveCfg = Release|Any CPU
		{9CA367B8-0B98-49D1-84FB-735E612E3BA9}.AppStore|Any CPU.Build.0 = Release|Any CPU
		{9CA367B8-0B98-49D1-84FB-735E612E3BA9}.AppStore|ARM.ActiveCfg = Release|Any CPU
		{9CA367B8-0B98-49D1-84FB-735E612E3BA9}.AppStore|iPhone.ActiveCfg = Release|Any CPU
		{9CA367B8-0B98-49D1-84FB-735E612E3BA9}.AppStore|iPhoneSimulator.ActiveCfg = Release|Any CPU
		{9CA367B8-0B98-49D1-84FB-735E612E3BA9}.AppStore|Mixed Platforms.ActiveCfg = Release|Any CPU
		{9CA367B8-0B98-49D1-84FB-735E612E3BA9}.AppStore|Mixed Platforms.Build.0 = Release|Any CPU
		{9CA367B8-0B98-49D1-84FB-735E612E3BA9}.AppStore|x86.ActiveCfg = Release|Any CPU
		{9CA367B8-0B98-49D1-84FB-735E612E3BA9}.Debug|Any CPU.ActiveCfg = Debug|Any CPU
		{9CA367B8-0B98-49D1-84FB-735E612E3BA9}.Debug|Any CPU.Build.0 = Debug|Any CPU
		{9CA367B8-0B98-49D1-84FB-735E612E3BA9}.Debug|ARM.ActiveCfg = Debug|Any CPU
		{9CA367B8-0B98-49D1-84FB-735E612E3BA9}.Debug|iPhone.ActiveCfg = Debug|Any CPU
		{9CA367B8-0B98-49D1-84FB-735E612E3BA9}.Debug|iPhoneSimulator.ActiveCfg = Debug|Any CPU
		{9CA367B8-0B98-49D1-84FB-735E612E3BA9}.Debug|Mixed Platforms.ActiveCfg = Debug|Any CPU
		{9CA367B8-0B98-49D1-84FB-735E612E3BA9}.Debug|Mixed Platforms.Build.0 = Debug|Any CPU
		{9CA367B8-0B98-49D1-84FB-735E612E3BA9}.Debug|x86.ActiveCfg = Debug|Any CPU
		{9CA367B8-0B98-49D1-84FB-735E612E3BA9}.Release|Any CPU.ActiveCfg = Release|Any CPU
		{9CA367B8-0B98-49D1-84FB-735E612E3BA9}.Release|Any CPU.Build.0 = Release|Any CPU
		{9CA367B8-0B98-49D1-84FB-735E612E3BA9}.Release|ARM.ActiveCfg = Release|Any CPU
		{9CA367B8-0B98-49D1-84FB-735E612E3BA9}.Release|iPhone.ActiveCfg = Release|Any CPU
		{9CA367B8-0B98-49D1-84FB-735E612E3BA9}.Release|iPhoneSimulator.ActiveCfg = Release|Any CPU
		{9CA367B8-0B98-49D1-84FB-735E612E3BA9}.Release|Mixed Platforms.ActiveCfg = Release|Any CPU
		{9CA367B8-0B98-49D1-84FB-735E612E3BA9}.Release|Mixed Platforms.Build.0 = Release|Any CPU
		{9CA367B8-0B98-49D1-84FB-735E612E3BA9}.Release|x86.ActiveCfg = Release|Any CPU
		{E06DEF77-F933-42FB-AFD7-DB2D0D8D6A98}.Ad-Hoc|Any CPU.ActiveCfg = Release|Any CPU
		{E06DEF77-F933-42FB-AFD7-DB2D0D8D6A98}.Ad-Hoc|Any CPU.Build.0 = Release|Any CPU
		{E06DEF77-F933-42FB-AFD7-DB2D0D8D6A98}.Ad-Hoc|ARM.ActiveCfg = Release|Any CPU
		{E06DEF77-F933-42FB-AFD7-DB2D0D8D6A98}.Ad-Hoc|iPhone.ActiveCfg = Release|Any CPU
		{E06DEF77-F933-42FB-AFD7-DB2D0D8D6A98}.Ad-Hoc|iPhoneSimulator.ActiveCfg = Release|Any CPU
		{E06DEF77-F933-42FB-AFD7-DB2D0D8D6A98}.Ad-Hoc|Mixed Platforms.ActiveCfg = Release|Any CPU
		{E06DEF77-F933-42FB-AFD7-DB2D0D8D6A98}.Ad-Hoc|Mixed Platforms.Build.0 = Release|Any CPU
		{E06DEF77-F933-42FB-AFD7-DB2D0D8D6A98}.Ad-Hoc|x86.ActiveCfg = Release|Any CPU
		{E06DEF77-F933-42FB-AFD7-DB2D0D8D6A98}.AppStore|Any CPU.ActiveCfg = Release|Any CPU
		{E06DEF77-F933-42FB-AFD7-DB2D0D8D6A98}.AppStore|Any CPU.Build.0 = Release|Any CPU
		{E06DEF77-F933-42FB-AFD7-DB2D0D8D6A98}.AppStore|ARM.ActiveCfg = Release|Any CPU
		{E06DEF77-F933-42FB-AFD7-DB2D0D8D6A98}.AppStore|iPhone.ActiveCfg = Release|Any CPU
		{E06DEF77-F933-42FB-AFD7-DB2D0D8D6A98}.AppStore|iPhoneSimulator.ActiveCfg = Release|Any CPU
		{E06DEF77-F933-42FB-AFD7-DB2D0D8D6A98}.AppStore|Mixed Platforms.ActiveCfg = Release|Any CPU
		{E06DEF77-F933-42FB-AFD7-DB2D0D8D6A98}.AppStore|Mixed Platforms.Build.0 = Release|Any CPU
		{E06DEF77-F933-42FB-AFD7-DB2D0D8D6A98}.AppStore|x86.ActiveCfg = Release|Any CPU
		{E06DEF77-F933-42FB-AFD7-DB2D0D8D6A98}.Debug|Any CPU.ActiveCfg = Debug|Any CPU
		{E06DEF77-F933-42FB-AFD7-DB2D0D8D6A98}.Debug|Any CPU.Build.0 = Debug|Any CPU
		{E06DEF77-F933-42FB-AFD7-DB2D0D8D6A98}.Debug|ARM.ActiveCfg = Debug|Any CPU
		{E06DEF77-F933-42FB-AFD7-DB2D0D8D6A98}.Debug|iPhone.ActiveCfg = Debug|Any CPU
		{E06DEF77-F933-42FB-AFD7-DB2D0D8D6A98}.Debug|iPhoneSimulator.ActiveCfg = Debug|Any CPU
		{E06DEF77-F933-42FB-AFD7-DB2D0D8D6A98}.Debug|Mixed Platforms.ActiveCfg = Debug|Any CPU
		{E06DEF77-F933-42FB-AFD7-DB2D0D8D6A98}.Debug|Mixed Platforms.Build.0 = Debug|Any CPU
		{E06DEF77-F933-42FB-AFD7-DB2D0D8D6A98}.Debug|x86.ActiveCfg = Debug|Any CPU
		{E06DEF77-F933-42FB-AFD7-DB2D0D8D6A98}.Release|Any CPU.ActiveCfg = Release|Any CPU
		{E06DEF77-F933-42FB-AFD7-DB2D0D8D6A98}.Release|Any CPU.Build.0 = Release|Any CPU
		{E06DEF77-F933-42FB-AFD7-DB2D0D8D6A98}.Release|ARM.ActiveCfg = Release|Any CPU
		{E06DEF77-F933-42FB-AFD7-DB2D0D8D6A98}.Release|iPhone.ActiveCfg = Release|Any CPU
		{E06DEF77-F933-42FB-AFD7-DB2D0D8D6A98}.Release|iPhoneSimulator.ActiveCfg = Release|Any CPU
		{E06DEF77-F933-42FB-AFD7-DB2D0D8D6A98}.Release|Mixed Platforms.ActiveCfg = Release|Any CPU
		{E06DEF77-F933-42FB-AFD7-DB2D0D8D6A98}.Release|Mixed Platforms.Build.0 = Release|Any CPU
		{E06DEF77-F933-42FB-AFD7-DB2D0D8D6A98}.Release|x86.ActiveCfg = Release|Any CPU
		{8A41656B-9942-4ADE-96B3-16512EFEAB5C}.Ad-Hoc|Any CPU.ActiveCfg = Release|x86
		{8A41656B-9942-4ADE-96B3-16512EFEAB5C}.Ad-Hoc|ARM.ActiveCfg = Release|x86
		{8A41656B-9942-4ADE-96B3-16512EFEAB5C}.Ad-Hoc|iPhone.ActiveCfg = Release|x86
		{8A41656B-9942-4ADE-96B3-16512EFEAB5C}.Ad-Hoc|iPhoneSimulator.ActiveCfg = Release|x86
		{8A41656B-9942-4ADE-96B3-16512EFEAB5C}.Ad-Hoc|Mixed Platforms.ActiveCfg = Release|x86
		{8A41656B-9942-4ADE-96B3-16512EFEAB5C}.Ad-Hoc|Mixed Platforms.Build.0 = Release|x86
		{8A41656B-9942-4ADE-96B3-16512EFEAB5C}.Ad-Hoc|x86.ActiveCfg = Release|x86
		{8A41656B-9942-4ADE-96B3-16512EFEAB5C}.Ad-Hoc|x86.Build.0 = Release|x86
		{8A41656B-9942-4ADE-96B3-16512EFEAB5C}.AppStore|Any CPU.ActiveCfg = Release|x86
		{8A41656B-9942-4ADE-96B3-16512EFEAB5C}.AppStore|ARM.ActiveCfg = Release|x86
		{8A41656B-9942-4ADE-96B3-16512EFEAB5C}.AppStore|iPhone.ActiveCfg = Release|x86
		{8A41656B-9942-4ADE-96B3-16512EFEAB5C}.AppStore|iPhoneSimulator.ActiveCfg = Release|x86
		{8A41656B-9942-4ADE-96B3-16512EFEAB5C}.AppStore|Mixed Platforms.ActiveCfg = Release|x86
		{8A41656B-9942-4ADE-96B3-16512EFEAB5C}.AppStore|Mixed Platforms.Build.0 = Release|x86
		{8A41656B-9942-4ADE-96B3-16512EFEAB5C}.AppStore|x86.ActiveCfg = Release|x86
		{8A41656B-9942-4ADE-96B3-16512EFEAB5C}.AppStore|x86.Build.0 = Release|x86
		{8A41656B-9942-4ADE-96B3-16512EFEAB5C}.Debug|Any CPU.ActiveCfg = Debug|x86
		{8A41656B-9942-4ADE-96B3-16512EFEAB5C}.Debug|ARM.ActiveCfg = Debug|x86
		{8A41656B-9942-4ADE-96B3-16512EFEAB5C}.Debug|iPhone.ActiveCfg = Debug|x86
		{8A41656B-9942-4ADE-96B3-16512EFEAB5C}.Debug|iPhoneSimulator.ActiveCfg = Debug|x86
		{8A41656B-9942-4ADE-96B3-16512EFEAB5C}.Debug|Mixed Platforms.ActiveCfg = Debug|x86
		{8A41656B-9942-4ADE-96B3-16512EFEAB5C}.Debug|Mixed Platforms.Build.0 = Debug|x86
		{8A41656B-9942-4ADE-96B3-16512EFEAB5C}.Debug|x86.ActiveCfg = Debug|x86
		{8A41656B-9942-4ADE-96B3-16512EFEAB5C}.Debug|x86.Build.0 = Debug|x86
		{8A41656B-9942-4ADE-96B3-16512EFEAB5C}.Release|Any CPU.ActiveCfg = Release|x86
		{8A41656B-9942-4ADE-96B3-16512EFEAB5C}.Release|ARM.ActiveCfg = Release|x86
		{8A41656B-9942-4ADE-96B3-16512EFEAB5C}.Release|iPhone.ActiveCfg = Release|x86
		{8A41656B-9942-4ADE-96B3-16512EFEAB5C}.Release|iPhoneSimulator.ActiveCfg = Release|x86
		{8A41656B-9942-4ADE-96B3-16512EFEAB5C}.Release|Mixed Platforms.ActiveCfg = Release|x86
		{8A41656B-9942-4ADE-96B3-16512EFEAB5C}.Release|Mixed Platforms.Build.0 = Release|x86
		{8A41656B-9942-4ADE-96B3-16512EFEAB5C}.Release|x86.ActiveCfg = Release|x86
		{8A41656B-9942-4ADE-96B3-16512EFEAB5C}.Release|x86.Build.0 = Release|x86
	EndGlobalSection
	GlobalSection(SolutionProperties) = preSolution
		HideSolutionNode = FALSE
	EndGlobalSection
	GlobalSection(NestedProjects) = preSolution
		{59129078-7B12-4198-B93E-0AA08D0BB7ED} = {7E264F12-9EC3-4CDC-A187-6879C2B2BFCF}
		{B46F6C6C-9184-41AF-8F8B-E0084752CA7C} = {7E264F12-9EC3-4CDC-A187-6879C2B2BFCF}
		{C8B88795-6D01-494D-83AD-6944BD4C5023} = {7E264F12-9EC3-4CDC-A187-6879C2B2BFCF}
		{825E7A10-390C-4A2B-B3A8-491D14966912} = {7E264F12-9EC3-4CDC-A187-6879C2B2BFCF}
		{1378A66C-38E4-46F5-A05F-DC04EF7D4D16} = {7E264F12-9EC3-4CDC-A187-6879C2B2BFCF}
		{7F7994CE-823F-4A04-BBEA-D0A3808FF56D} = {7E264F12-9EC3-4CDC-A187-6879C2B2BFCF}
		{20296734-5F3C-4593-A0D5-DD20B440B13A} = {7E264F12-9EC3-4CDC-A187-6879C2B2BFCF}
		{664FC484-2A94-4B0D-808F-A71F88E06B11} = {7E264F12-9EC3-4CDC-A187-6879C2B2BFCF}
		{D0C39D9D-BED0-418B-9A5E-713176CAF40C} = {7E264F12-9EC3-4CDC-A187-6879C2B2BFCF}
		{9CA367B8-0B98-49D1-84FB-735E612E3BA9} = {7E264F12-9EC3-4CDC-A187-6879C2B2BFCF}
		{E06DEF77-F933-42FB-AFD7-DB2D0D8D6A98} = {7E264F12-9EC3-4CDC-A187-6879C2B2BFCF}
	EndGlobalSection
	GlobalSection(MonoDevelopProperties) = preSolution
		StartupItem = MissionPlanner.csproj
	EndGlobalSection
EndGlobal
